<Project xmlns="http://schemas.microsoft.com/developer/msbuild/2003">
  <PropertyGroup>
    <ProjectGuid>{96A98D37-6FA6-44E2-9FC0-95B2D0E3C89D}</ProjectGuid>
    <MainSource>KanbanLiteApp.dpr</MainSource>
    <Config Condition="'$(Config)'==''">Debug</Config>
    <Platform Condition="'$(Platform)'==''">Win32</Platform>
    <AppType>Application</AppType>
    <Base>true</Base>
  </PropertyGroup>
  <ItemGroup>
    <DelphiCompile Include="$(MainSource)">
      <MainSource>MainSource</MainSource>
    </DelphiCompile>
    <DCCReference Include="MainForm.pas" />
  </ItemGroup>
  <Import Project="$(BDS)\Bin\CodeGear.Delphi.Targets" />
</Project>
