# This file is automatically @generated by Cargo.
# It is not intended for manual editing.
version = 4

[[package]]
name = "unicode-ident"
version = "1.0.24"
source = "registry+https://github.com/rust-lang/crates.io-index"
checksum = "e6e4313cd5fcd3dad5cafa179702e2b244f760991f45397d14d4ebf38247da75"

[[package]]
name = "vybe_ast"
version = "0.6.2"

[[package]]
name = "vybe_parser"
version = "0.1.0"
dependencies = [
 "unicode-ident",
]

[[package]]
name = "vybe_parser_codegen"
version = "0.1.0"
dependencies = [
 "vybe_parser",
]

[[package]]
name = "vybe_parser_generated_tests"
version = "0.1.0"
dependencies = [
 "vybe_ast",
 "vybe_parser",
 "vybe_parser_codegen",
]

[[patch.unused]]
name = "webcore"
version = "0.3.4"

[[patch.unused]]
name = "widgets"
version = "0.2.0"
