<Project xmlns="http://schemas.microsoft.com/developer/msbuild/2003">
  <PropertyGroup>
    <ProjectGuid>{A88A02AF-A354-4669-BE48-839A8C553F88}</ProjectGuid>
    <MainSource>TextEditorApp.dpr</MainSource>
    <Config Condition="'$(Config)'==''">Debug</Config>
    <Platform Condition="'$(Platform)'==''">Win32</Platform>
    <AppType>Application</AppType>
    <Base>true</Base>
  </PropertyGroup>
  <ItemGroup>
    <DelphiCompile Include="$(MainSource)">
      <MainSource>MainSource</MainSource>
    </DelphiCompile>
    <DCCReference Include="MainForm.pas" />
  </ItemGroup>
  <Import Project="$(BDS)\Bin\CodeGear.Delphi.Targets" />
</Project>
